
Microsoft Visual Studio Solution File, Format Version 12.00
# Visual Studio Version 16
VisualStudioVersion = 16.0.28606.126
MinimumVisualStudioVersion = 10.0.40219.1
Project("{9A19103F-16F7-4668-BE54-9A1E7A4F7556}") = "CaptainHook.Interfaces", "CaptainHook.Interfaces\CaptainHook.Interfaces.csproj", "{2EFD6F18-374F-4DB7-95D9-419310F5283E}"
EndProject
Project("{9A19103F-16F7-4668-BE54-9A1E7A4F7556}") = "CaptainHook.Common", "CaptainHook.Common\CaptainHook.Common.csproj", "{5889AD8A-FFD2-4296-935F-C0111177D742}"
EndProject
Project("{A07B5EB6-E848-4116-A8D0-A826331D98C6}") = "CaptainHook.Fabric", "CaptainHook.Fabric\CaptainHook.Fabric.sfproj", "{D44FA61E-30BD-487C-97CB-877E596872A8}"
EndProject
Project("{2150E333-8FDC-42A3-9474-1A3956D46DE8}") = "Solution Items", "Solution Items", "{C2A4301F-0F3A-4880-A8A6-C9D110FFFD69}"
	ProjectSection(SolutionItems) = preProject
		codecoverage.runsettings = codecoverage.runsettings
	EndProjectSection
EndProject
Project("{9A19103F-16F7-4668-BE54-9A1E7A4F7556}") = "CaptainHook.Tests", "Tests\CaptainHook.Tests\CaptainHook.Tests.csproj", "{A8BA8475-6198-4CB2-9D5B-C70356D9135B}"
EndProject
Project("{9A19103F-16F7-4668-BE54-9A1E7A4F7556}") = "CaptainHook.DirectorService", "CaptainHook.DirectorService\CaptainHook.DirectorService.csproj", "{2DE25753-8202-4D18-A98A-696CD452C3E1}"
EndProject
Project("{9A19103F-16F7-4668-BE54-9A1E7A4F7556}") = "CaptainHook.EventReaderService", "CaptainHook.EventReaderService\CaptainHook.EventReaderService.csproj", "{14BFB3AF-6805-458C-9F84-D475D536C4E9}"
EndProject
Project("{9A19103F-16F7-4668-BE54-9A1E7A4F7556}") = "CaptainHook.EventHandlerActor", "CaptainHook.EventHandlerActor\CaptainHook.EventHandlerActor.csproj", "{36DB72DA-DE01-4686-9311-DDE619AAC567}"
EndProject
Project("{9A19103F-16F7-4668-BE54-9A1E7A4F7556}") = "CaptainHook.Telemetry", "CaptainHook.Telemetry\CaptainHook.Telemetry.csproj", "{DFDEE70A-65A5-42B6-B58D-31E1CD393816}"
EndProject
Project("{9A19103F-16F7-4668-BE54-9A1E7A4F7556}") = "CaptainHook.Telemetry.Tests", "Tests\CaptainHook.Telemetry.Tests\CaptainHook.Telemetry.Tests.csproj", "{976791C1-9AC5-4B65-AEF0-DAD79DE48356}"
EndProject
Project("{9A19103F-16F7-4668-BE54-9A1E7A4F7556}") = "CaptainHook.Api", "CaptainHook.Api\CaptainHook.Api.csproj", "{DE1559AF-7CF2-4196-9F83-2C272D7357D0}"
EndProject
Project("{9A19103F-16F7-4668-BE54-9A1E7A4F7556}") = "CaptainHook.Api.Tests", "Tests\CaptainHook.Api.Tests\CaptainHook.Api.Tests.csproj", "{67265B29-9868-459C-81C4-733F837A9491}"
EndProject
Project("{9A19103F-16F7-4668-BE54-9A1E7A4F7556}") = "CaptainHook.Api.Client", "CaptainHook.Api.Client\CaptainHook.Api.Client.csproj", "{6EBED3A2-596B-4BAB-969E-C852FB2E6A5D}"
EndProject
Project("{9A19103F-16F7-4668-BE54-9A1E7A4F7556}") = "CaptainHook.Domain", "CaptainHook.Domain\CaptainHook.Domain.csproj", "{C781A7C9-3098-4026-8F2A-A52AA11ED0F5}"
EndProject
Project("{9A19103F-16F7-4668-BE54-9A1E7A4F7556}") = "CaptainHook.Storage.Cosmos", "CaptainHook.Storage.Cosmos\CaptainHook.Storage.Cosmos.csproj", "{035A6D86-CE70-4C24-883A-F4CCB3916AD0}"
EndProject
Project("{2150E333-8FDC-42A3-9474-1A3956D46DE8}") = "Tests", "Tests", "{24314874-C52E-4C8E-B7A5-D17EFD0C01DD}"
EndProject
Project("{9A19103F-16F7-4668-BE54-9A1E7A4F7556}") = "CaptainHook.Storage.Cosmos.Tests", "Tests\CaptainHook.Storage.Cosmos.Tests\CaptainHook.Storage.Cosmos.Tests.csproj", "{3635FFA4-A712-48A3-B69D-0976DAD93572}"
EndProject
Project("{9A19103F-16F7-4668-BE54-9A1E7A4F7556}") = "CaptainHook.Contract", "CaptainHook.Contract\CaptainHook.Contract.csproj", "{BF7C8A20-BAC6-459E-8B7B-C641973B0212}"
EndProject
Project("{9A19103F-16F7-4668-BE54-9A1E7A4F7556}") = "CaptainHook.Application", "CaptainHook.Application\CaptainHook.Application.csproj", "{49842973-32C8-4EA5-899D-FDE774E06161}"
EndProject
Project("{9A19103F-16F7-4668-BE54-9A1E7A4F7556}") = "CaptainHook.Application.Tests", "Tests\CaptainHook.Application.Tests\CaptainHook.Application.Tests.csproj", "{E6649154-892D-4CA2-A945-A864F6064881}"
EndProject
Project("{9A19103F-16F7-4668-BE54-9A1E7A4F7556}") = "CaptainHook.TestsInfrastructure", "Tests\CaptainHook.TestsInfrastructure\CaptainHook.TestsInfrastructure.csproj", "{49D336DB-DDE6-43B8-BF41-48A27FD6992A}"
EndProject
Project("{9A19103F-16F7-4668-BE54-9A1E7A4F7556}") = "CaptainHook.Application.Infrastructure", "CaptainHook.Application.Infrastructure\CaptainHook.Application.Infrastructure.csproj", "{5D6010B6-5B3C-4A80-9FE6-8DCF2D7D96F6}"
EndProject
Project("{9A19103F-16F7-4668-BE54-9A1E7A4F7556}") = "CaptainHook.Domain.Tests", "Tests\CaptainHook.Domain.Tests\CaptainHook.Domain.Tests.csproj", "{41900278-11D4-48B6-98DE-410AD739CBE1}"
EndProject
Project("{9A19103F-16F7-4668-BE54-9A1E7A4F7556}") = "CaptainHook.EventHandlerActor.Tests", "Tests\CaptainHook.EventHandlerActor.Tests\CaptainHook.EventHandlerActor.Tests.csproj", "{8A8B1299-F2C7-4AC5-A153-76263A8A50FF}"
EndProject
Project("{9A19103F-16F7-4668-BE54-9A1E7A4F7556}") = "Platform.Eda.Cli", "Platform.Eda.Cli\Platform.Eda.Cli.csproj", "{6549A213-E644-4F94-8C86-F7BB726C2A2F}"
EndProject
Project("{9A19103F-16F7-4668-BE54-9A1E7A4F7556}") = "Platform.Eda.Cli.Tests", "Tests\Platform.Eda.Cli.Tests\Platform.Eda.Cli.Tests.csproj", "{CE824D48-25A9-441D-B0D6-2D9A844815B7}"
EndProject
Global
	GlobalSection(SolutionConfigurationPlatforms) = preSolution
		Debug|Any CPU = Debug|Any CPU
		Debug|x64 = Debug|x64
		Release|Any CPU = Release|Any CPU
		Release|x64 = Release|x64
	EndGlobalSection
	GlobalSection(ProjectConfigurationPlatforms) = postSolution
		{2EFD6F18-374F-4DB7-95D9-419310F5283E}.Debug|Any CPU.ActiveCfg = Debug|x64
		{2EFD6F18-374F-4DB7-95D9-419310F5283E}.Debug|x64.ActiveCfg = Debug|x64
		{2EFD6F18-374F-4DB7-95D9-419310F5283E}.Debug|x64.Build.0 = Debug|x64
		{2EFD6F18-374F-4DB7-95D9-419310F5283E}.Release|Any CPU.ActiveCfg = Release|x64
		{2EFD6F18-374F-4DB7-95D9-419310F5283E}.Release|x64.ActiveCfg = Release|x64
		{2EFD6F18-374F-4DB7-95D9-419310F5283E}.Release|x64.Build.0 = Release|x64
		{5889AD8A-FFD2-4296-935F-C0111177D742}.Debug|Any CPU.ActiveCfg = Debug|x64
		{5889AD8A-FFD2-4296-935F-C0111177D742}.Debug|x64.ActiveCfg = Debug|x64
		{5889AD8A-FFD2-4296-935F-C0111177D742}.Debug|x64.Build.0 = Debug|x64
		{5889AD8A-FFD2-4296-935F-C0111177D742}.Release|Any CPU.ActiveCfg = Release|x64
		{5889AD8A-FFD2-4296-935F-C0111177D742}.Release|x64.ActiveCfg = Release|x64
		{5889AD8A-FFD2-4296-935F-C0111177D742}.Release|x64.Build.0 = Release|x64
		{D44FA61E-30BD-487C-97CB-877E596872A8}.Debug|Any CPU.ActiveCfg = Debug|x64
		{D44FA61E-30BD-487C-97CB-877E596872A8}.Debug|x64.ActiveCfg = Debug|x64
		{D44FA61E-30BD-487C-97CB-877E596872A8}.Debug|x64.Build.0 = Debug|x64
		{D44FA61E-30BD-487C-97CB-877E596872A8}.Debug|x64.Deploy.0 = Debug|x64
		{D44FA61E-30BD-487C-97CB-877E596872A8}.Release|Any CPU.ActiveCfg = Release|x64
		{D44FA61E-30BD-487C-97CB-877E596872A8}.Release|x64.ActiveCfg = Release|x64
		{D44FA61E-30BD-487C-97CB-877E596872A8}.Release|x64.Build.0 = Release|x64
		{D44FA61E-30BD-487C-97CB-877E596872A8}.Release|x64.Deploy.0 = Release|x64
		{A8BA8475-6198-4CB2-9D5B-C70356D9135B}.Debug|Any CPU.ActiveCfg = Debug|x64
		{A8BA8475-6198-4CB2-9D5B-C70356D9135B}.Debug|x64.ActiveCfg = Debug|x64
		{A8BA8475-6198-4CB2-9D5B-C70356D9135B}.Debug|x64.Build.0 = Debug|x64
		{A8BA8475-6198-4CB2-9D5B-C70356D9135B}.Release|Any CPU.ActiveCfg = Release|x64
		{A8BA8475-6198-4CB2-9D5B-C70356D9135B}.Release|x64.ActiveCfg = Release|x64
		{A8BA8475-6198-4CB2-9D5B-C70356D9135B}.Release|x64.Build.0 = Release|x64
		{2DE25753-8202-4D18-A98A-696CD452C3E1}.Debug|Any CPU.ActiveCfg = Debug|x64
		{2DE25753-8202-4D18-A98A-696CD452C3E1}.Debug|x64.ActiveCfg = Debug|x64
		{2DE25753-8202-4D18-A98A-696CD452C3E1}.Debug|x64.Build.0 = Debug|x64
		{2DE25753-8202-4D18-A98A-696CD452C3E1}.Release|Any CPU.ActiveCfg = Release|x64
		{2DE25753-8202-4D18-A98A-696CD452C3E1}.Release|x64.ActiveCfg = Release|x64
		{2DE25753-8202-4D18-A98A-696CD452C3E1}.Release|x64.Build.0 = Release|x64
		{14BFB3AF-6805-458C-9F84-D475D536C4E9}.Debug|Any CPU.ActiveCfg = Debug|x64
		{14BFB3AF-6805-458C-9F84-D475D536C4E9}.Debug|x64.ActiveCfg = Debug|x64
		{14BFB3AF-6805-458C-9F84-D475D536C4E9}.Debug|x64.Build.0 = Debug|x64
		{14BFB3AF-6805-458C-9F84-D475D536C4E9}.Release|Any CPU.ActiveCfg = Release|x64
		{14BFB3AF-6805-458C-9F84-D475D536C4E9}.Release|x64.ActiveCfg = Release|x64
		{14BFB3AF-6805-458C-9F84-D475D536C4E9}.Release|x64.Build.0 = Release|x64
		{36DB72DA-DE01-4686-9311-DDE619AAC567}.Debug|Any CPU.ActiveCfg = Debug|x64
		{36DB72DA-DE01-4686-9311-DDE619AAC567}.Debug|x64.ActiveCfg = Debug|x64
		{36DB72DA-DE01-4686-9311-DDE619AAC567}.Debug|x64.Build.0 = Debug|x64
		{36DB72DA-DE01-4686-9311-DDE619AAC567}.Release|Any CPU.ActiveCfg = Release|x64
		{36DB72DA-DE01-4686-9311-DDE619AAC567}.Release|x64.ActiveCfg = Release|x64
		{36DB72DA-DE01-4686-9311-DDE619AAC567}.Release|x64.Build.0 = Release|x64
		{DFDEE70A-65A5-42B6-B58D-31E1CD393816}.Debug|Any CPU.ActiveCfg = Debug|Any CPU
		{DFDEE70A-65A5-42B6-B58D-31E1CD393816}.Debug|Any CPU.Build.0 = Debug|Any CPU
		{DFDEE70A-65A5-42B6-B58D-31E1CD393816}.Debug|x64.ActiveCfg = Debug|x64
		{DFDEE70A-65A5-42B6-B58D-31E1CD393816}.Debug|x64.Build.0 = Debug|x64
		{DFDEE70A-65A5-42B6-B58D-31E1CD393816}.Release|Any CPU.ActiveCfg = Release|Any CPU
		{DFDEE70A-65A5-42B6-B58D-31E1CD393816}.Release|Any CPU.Build.0 = Release|Any CPU
		{DFDEE70A-65A5-42B6-B58D-31E1CD393816}.Release|x64.ActiveCfg = Release|x64
		{DFDEE70A-65A5-42B6-B58D-31E1CD393816}.Release|x64.Build.0 = Release|x64
		{976791C1-9AC5-4B65-AEF0-DAD79DE48356}.Debug|Any CPU.ActiveCfg = Debug|Any CPU
		{976791C1-9AC5-4B65-AEF0-DAD79DE48356}.Debug|Any CPU.Build.0 = Debug|Any CPU
		{976791C1-9AC5-4B65-AEF0-DAD79DE48356}.Debug|x64.ActiveCfg = Debug|x64
		{976791C1-9AC5-4B65-AEF0-DAD79DE48356}.Debug|x64.Build.0 = Debug|x64
		{976791C1-9AC5-4B65-AEF0-DAD79DE48356}.Release|Any CPU.ActiveCfg = Release|Any CPU
		{976791C1-9AC5-4B65-AEF0-DAD79DE48356}.Release|Any CPU.Build.0 = Release|Any CPU
		{976791C1-9AC5-4B65-AEF0-DAD79DE48356}.Release|x64.ActiveCfg = Release|x64
		{976791C1-9AC5-4B65-AEF0-DAD79DE48356}.Release|x64.Build.0 = Release|x64
		{DE1559AF-7CF2-4196-9F83-2C272D7357D0}.Debug|Any CPU.ActiveCfg = Debug|Any CPU
		{DE1559AF-7CF2-4196-9F83-2C272D7357D0}.Debug|Any CPU.Build.0 = Debug|Any CPU
		{DE1559AF-7CF2-4196-9F83-2C272D7357D0}.Debug|x64.ActiveCfg = Debug|Any CPU
		{DE1559AF-7CF2-4196-9F83-2C272D7357D0}.Debug|x64.Build.0 = Debug|Any CPU
		{DE1559AF-7CF2-4196-9F83-2C272D7357D0}.Release|Any CPU.ActiveCfg = Release|Any CPU
		{DE1559AF-7CF2-4196-9F83-2C272D7357D0}.Release|Any CPU.Build.0 = Release|Any CPU
		{DE1559AF-7CF2-4196-9F83-2C272D7357D0}.Release|x64.ActiveCfg = Release|Any CPU
		{DE1559AF-7CF2-4196-9F83-2C272D7357D0}.Release|x64.Build.0 = Release|Any CPU
		{67265B29-9868-459C-81C4-733F837A9491}.Debug|Any CPU.ActiveCfg = Debug|Any CPU
		{67265B29-9868-459C-81C4-733F837A9491}.Debug|Any CPU.Build.0 = Debug|Any CPU
		{67265B29-9868-459C-81C4-733F837A9491}.Debug|x64.ActiveCfg = Debug|x64
		{67265B29-9868-459C-81C4-733F837A9491}.Debug|x64.Build.0 = Debug|x64
		{67265B29-9868-459C-81C4-733F837A9491}.Release|Any CPU.ActiveCfg = Release|Any CPU
		{67265B29-9868-459C-81C4-733F837A9491}.Release|Any CPU.Build.0 = Release|Any CPU
		{67265B29-9868-459C-81C4-733F837A9491}.Release|x64.ActiveCfg = Release|x64
		{67265B29-9868-459C-81C4-733F837A9491}.Release|x64.Build.0 = Release|x64
		{6EBED3A2-596B-4BAB-969E-C852FB2E6A5D}.Debug|Any CPU.ActiveCfg = Debug|Any CPU
		{6EBED3A2-596B-4BAB-969E-C852FB2E6A5D}.Debug|Any CPU.Build.0 = Debug|Any CPU
		{6EBED3A2-596B-4BAB-969E-C852FB2E6A5D}.Debug|x64.ActiveCfg = Debug|Any CPU
		{6EBED3A2-596B-4BAB-969E-C852FB2E6A5D}.Debug|x64.Build.0 = Debug|Any CPU
		{6EBED3A2-596B-4BAB-969E-C852FB2E6A5D}.Release|Any CPU.ActiveCfg = Release|Any CPU
		{6EBED3A2-596B-4BAB-969E-C852FB2E6A5D}.Release|Any CPU.Build.0 = Release|Any CPU
		{6EBED3A2-596B-4BAB-969E-C852FB2E6A5D}.Release|x64.ActiveCfg = Release|Any CPU
		{6EBED3A2-596B-4BAB-969E-C852FB2E6A5D}.Release|x64.Build.0 = Release|Any CPU
		{C781A7C9-3098-4026-8F2A-A52AA11ED0F5}.Debug|Any CPU.ActiveCfg = Debug|x64
		{C781A7C9-3098-4026-8F2A-A52AA11ED0F5}.Debug|x64.ActiveCfg = Debug|x64
		{C781A7C9-3098-4026-8F2A-A52AA11ED0F5}.Debug|x64.Build.0 = Debug|x64
		{C781A7C9-3098-4026-8F2A-A52AA11ED0F5}.Release|Any CPU.ActiveCfg = Release|x64
		{C781A7C9-3098-4026-8F2A-A52AA11ED0F5}.Release|x64.ActiveCfg = Release|x64
		{C781A7C9-3098-4026-8F2A-A52AA11ED0F5}.Release|x64.Build.0 = Release|x64
		{035A6D86-CE70-4C24-883A-F4CCB3916AD0}.Debug|Any CPU.ActiveCfg = Debug|Any CPU
		{035A6D86-CE70-4C24-883A-F4CCB3916AD0}.Debug|Any CPU.Build.0 = Debug|Any CPU
		{035A6D86-CE70-4C24-883A-F4CCB3916AD0}.Debug|x64.ActiveCfg = Debug|Any CPU
		{035A6D86-CE70-4C24-883A-F4CCB3916AD0}.Debug|x64.Build.0 = Debug|Any CPU
		{035A6D86-CE70-4C24-883A-F4CCB3916AD0}.Release|Any CPU.ActiveCfg = Release|Any CPU
		{035A6D86-CE70-4C24-883A-F4CCB3916AD0}.Release|Any CPU.Build.0 = Release|Any CPU
		{035A6D86-CE70-4C24-883A-F4CCB3916AD0}.Release|x64.ActiveCfg = Release|x64
		{035A6D86-CE70-4C24-883A-F4CCB3916AD0}.Release|x64.Build.0 = Release|x64
		{3635FFA4-A712-48A3-B69D-0976DAD93572}.Debug|Any CPU.ActiveCfg = Debug|Any CPU
		{3635FFA4-A712-48A3-B69D-0976DAD93572}.Debug|Any CPU.Build.0 = Debug|Any CPU
		{3635FFA4-A712-48A3-B69D-0976DAD93572}.Debug|x64.ActiveCfg = Debug|x64
		{3635FFA4-A712-48A3-B69D-0976DAD93572}.Debug|x64.Build.0 = Debug|x64
		{3635FFA4-A712-48A3-B69D-0976DAD93572}.Release|Any CPU.ActiveCfg = Release|Any CPU
		{3635FFA4-A712-48A3-B69D-0976DAD93572}.Release|Any CPU.Build.0 = Release|Any CPU
		{3635FFA4-A712-48A3-B69D-0976DAD93572}.Release|x64.ActiveCfg = Release|x64
		{3635FFA4-A712-48A3-B69D-0976DAD93572}.Release|x64.Build.0 = Release|x64
		{BF7C8A20-BAC6-459E-8B7B-C641973B0212}.Debug|Any CPU.ActiveCfg = Debug|x64
		{BF7C8A20-BAC6-459E-8B7B-C641973B0212}.Debug|x64.ActiveCfg = Debug|x64
		{BF7C8A20-BAC6-459E-8B7B-C641973B0212}.Debug|x64.Build.0 = Debug|x64
		{BF7C8A20-BAC6-459E-8B7B-C641973B0212}.Release|Any CPU.ActiveCfg = Release|x64
		{BF7C8A20-BAC6-459E-8B7B-C641973B0212}.Release|x64.ActiveCfg = Release|x64
		{BF7C8A20-BAC6-459E-8B7B-C641973B0212}.Release|x64.Build.0 = Release|x64
		{49842973-32C8-4EA5-899D-FDE774E06161}.Debug|Any CPU.ActiveCfg = Debug|Any CPU
		{49842973-32C8-4EA5-899D-FDE774E06161}.Debug|Any CPU.Build.0 = Debug|Any CPU
		{49842973-32C8-4EA5-899D-FDE774E06161}.Debug|x64.ActiveCfg = Debug|x64
		{49842973-32C8-4EA5-899D-FDE774E06161}.Debug|x64.Build.0 = Debug|x64
		{49842973-32C8-4EA5-899D-FDE774E06161}.Release|Any CPU.ActiveCfg = Release|Any CPU
		{49842973-32C8-4EA5-899D-FDE774E06161}.Release|Any CPU.Build.0 = Release|Any CPU
		{49842973-32C8-4EA5-899D-FDE774E06161}.Release|x64.ActiveCfg = Release|x64
		{49842973-32C8-4EA5-899D-FDE774E06161}.Release|x64.Build.0 = Release|x64
		{E6649154-892D-4CA2-A945-A864F6064881}.Debug|Any CPU.ActiveCfg = Debug|Any CPU
		{E6649154-892D-4CA2-A945-A864F6064881}.Debug|Any CPU.Build.0 = Debug|Any CPU
		{E6649154-892D-4CA2-A945-A864F6064881}.Debug|x64.ActiveCfg = Debug|x64
		{E6649154-892D-4CA2-A945-A864F6064881}.Debug|x64.Build.0 = Debug|x64
		{E6649154-892D-4CA2-A945-A864F6064881}.Release|Any CPU.ActiveCfg = Release|Any CPU
		{E6649154-892D-4CA2-A945-A864F6064881}.Release|Any CPU.Build.0 = Release|Any CPU
		{E6649154-892D-4CA2-A945-A864F6064881}.Release|x64.ActiveCfg = Release|x64
		{E6649154-892D-4CA2-A945-A864F6064881}.Release|x64.Build.0 = Release|x64
		{49D336DB-DDE6-43B8-BF41-48A27FD6992A}.Debug|Any CPU.ActiveCfg = Debug|Any CPU
		{49D336DB-DDE6-43B8-BF41-48A27FD6992A}.Debug|Any CPU.Build.0 = Debug|Any CPU
		{49D336DB-DDE6-43B8-BF41-48A27FD6992A}.Debug|x64.ActiveCfg = Debug|x64
		{49D336DB-DDE6-43B8-BF41-48A27FD6992A}.Debug|x64.Build.0 = Debug|x64
		{49D336DB-DDE6-43B8-BF41-48A27FD6992A}.Release|Any CPU.ActiveCfg = Release|Any CPU
		{49D336DB-DDE6-43B8-BF41-48A27FD6992A}.Release|Any CPU.Build.0 = Release|Any CPU
		{49D336DB-DDE6-43B8-BF41-48A27FD6992A}.Release|x64.ActiveCfg = Release|x64
		{49D336DB-DDE6-43B8-BF41-48A27FD6992A}.Release|x64.Build.0 = Release|x64
		{5D6010B6-5B3C-4A80-9FE6-8DCF2D7D96F6}.Debug|Any CPU.ActiveCfg = Debug|Any CPU
		{5D6010B6-5B3C-4A80-9FE6-8DCF2D7D96F6}.Debug|Any CPU.Build.0 = Debug|Any CPU
		{5D6010B6-5B3C-4A80-9FE6-8DCF2D7D96F6}.Debug|x64.ActiveCfg = Debug|x64
		{5D6010B6-5B3C-4A80-9FE6-8DCF2D7D96F6}.Debug|x64.Build.0 = Debug|x64
		{5D6010B6-5B3C-4A80-9FE6-8DCF2D7D96F6}.Release|Any CPU.ActiveCfg = Release|Any CPU
		{5D6010B6-5B3C-4A80-9FE6-8DCF2D7D96F6}.Release|Any CPU.Build.0 = Release|Any CPU
		{5D6010B6-5B3C-4A80-9FE6-8DCF2D7D96F6}.Release|x64.ActiveCfg = Release|x64
		{5D6010B6-5B3C-4A80-9FE6-8DCF2D7D96F6}.Release|x64.Build.0 = Release|x64
		{41900278-11D4-48B6-98DE-410AD739CBE1}.Debug|Any CPU.ActiveCfg = Debug|Any CPU
		{41900278-11D4-48B6-98DE-410AD739CBE1}.Debug|Any CPU.Build.0 = Debug|Any CPU
		{41900278-11D4-48B6-98DE-410AD739CBE1}.Debug|x64.ActiveCfg = Debug|x64
		{41900278-11D4-48B6-98DE-410AD739CBE1}.Debug|x64.Build.0 = Debug|x64
		{41900278-11D4-48B6-98DE-410AD739CBE1}.Release|Any CPU.ActiveCfg = Release|Any CPU
		{41900278-11D4-48B6-98DE-410AD739CBE1}.Release|Any CPU.Build.0 = Release|Any CPU
		{41900278-11D4-48B6-98DE-410AD739CBE1}.Release|x64.ActiveCfg = Release|x64
		{41900278-11D4-48B6-98DE-410AD739CBE1}.Release|x64.Build.0 = Release|x64
		{8A8B1299-F2C7-4AC5-A153-76263A8A50FF}.Debug|Any CPU.ActiveCfg = Debug|Any CPU
		{8A8B1299-F2C7-4AC5-A153-76263A8A50FF}.Debug|Any CPU.Build.0 = Debug|Any CPU
		{8A8B1299-F2C7-4AC5-A153-76263A8A50FF}.Debug|x64.ActiveCfg = Debug|x64
		{8A8B1299-F2C7-4AC5-A153-76263A8A50FF}.Debug|x64.Build.0 = Debug|x64
		{8A8B1299-F2C7-4AC5-A153-76263A8A50FF}.Release|Any CPU.ActiveCfg = Release|Any CPU
		{8A8B1299-F2C7-4AC5-A153-76263A8A50FF}.Release|Any CPU.Build.0 = Release|Any CPU
		{8A8B1299-F2C7-4AC5-A153-76263A8A50FF}.Release|x64.ActiveCfg = Release|x64
		{8A8B1299-F2C7-4AC5-A153-76263A8A50FF}.Release|x64.Build.0 = Release|x64
		{6549A213-E644-4F94-8C86-F7BB726C2A2F}.Debug|Any CPU.ActiveCfg = Debug|Any CPU
		{6549A213-E644-4F94-8C86-F7BB726C2A2F}.Debug|Any CPU.Build.0 = Debug|Any CPU
		{6549A213-E644-4F94-8C86-F7BB726C2A2F}.Debug|x64.ActiveCfg = Debug|x64
		{6549A213-E644-4F94-8C86-F7BB726C2A2F}.Debug|x64.Build.0 = Debug|x64
		{6549A213-E644-4F94-8C86-F7BB726C2A2F}.Release|Any CPU.ActiveCfg = Release|Any CPU
		{6549A213-E644-4F94-8C86-F7BB726C2A2F}.Release|Any CPU.Build.0 = Release|Any CPU
		{6549A213-E644-4F94-8C86-F7BB726C2A2F}.Release|x64.ActiveCfg = Release|x64
		{6549A213-E644-4F94-8C86-F7BB726C2A2F}.Release|x64.Build.0 = Release|x64
		{CE824D48-25A9-441D-B0D6-2D9A844815B7}.Debug|Any CPU.ActiveCfg = Debug|Any CPU
		{CE824D48-25A9-441D-B0D6-2D9A844815B7}.Debug|Any CPU.Build.0 = Debug|Any CPU
		{CE824D48-25A9-441D-B0D6-2D9A844815B7}.Debug|x64.ActiveCfg = Debug|x64
		{CE824D48-25A9-441D-B0D6-2D9A844815B7}.Debug|x64.Build.0 = Debug|x64
		{CE824D48-25A9-441D-B0D6-2D9A844815B7}.Release|Any CPU.ActiveCfg = Release|Any CPU
		{CE824D48-25A9-441D-B0D6-2D9A844815B7}.Release|Any CPU.Build.0 = Release|Any CPU
		{CE824D48-25A9-441D-B0D6-2D9A844815B7}.Release|x64.ActiveCfg = Release|x64
		{CE824D48-25A9-441D-B0D6-2D9A844815B7}.Release|x64.Build.0 = Release|x64
	EndGlobalSection
	GlobalSection(SolutionProperties) = preSolution
		HideSolutionNode = FALSE
	EndGlobalSection
	GlobalSection(NestedProjects) = preSolution
		{A8BA8475-6198-4CB2-9D5B-C70356D9135B} = {24314874-C52E-4C8E-B7A5-D17EFD0C01DD}
		{976791C1-9AC5-4B65-AEF0-DAD79DE48356} = {24314874-C52E-4C8E-B7A5-D17EFD0C01DD}
		{67265B29-9868-459C-81C4-733F837A9491} = {24314874-C52E-4C8E-B7A5-D17EFD0C01DD}
		{3635FFA4-A712-48A3-B69D-0976DAD93572} = {24314874-C52E-4C8E-B7A5-D17EFD0C01DD}
		{E6649154-892D-4CA2-A945-A864F6064881} = {24314874-C52E-4C8E-B7A5-D17EFD0C01DD}
		{49D336DB-DDE6-43B8-BF41-48A27FD6992A} = {24314874-C52E-4C8E-B7A5-D17EFD0C01DD}
		{41900278-11D4-48B6-98DE-410AD739CBE1} = {24314874-C52E-4C8E-B7A5-D17EFD0C01DD}
		{8A8B1299-F2C7-4AC5-A153-76263A8A50FF} = {24314874-C52E-4C8E-B7A5-D17EFD0C01DD}
		{CE824D48-25A9-441D-B0D6-2D9A844815B7} = {24314874-C52E-4C8E-B7A5-D17EFD0C01DD}
	EndGlobalSection
	GlobalSection(ExtensibilityGlobals) = postSolution
		SolutionGuid = {839C8B27-7C12-42F3-A1E3-85EB0F130282}
	EndGlobalSection
EndGlobal
